{
  "version": 4,
  "terraform_version": "1.8.0",
  "serial": 7,
  "lineage": "3438856a-dd14-d641-468a-f58330c3dd5c",
  "outputs": {
    "win2022_os_iso_uuid": {
      "value": "5ddfb294-0ae6-43cd-87c8-109b640f686f",
      "type": "string"
    }
  },
  "resources": [
    {
      "mode": "managed",
      "type": "nutanix_image",
      "name": "server_os_iso",
      "provider": "provider[\"registry.terraform.io/nutanix/nutanix\"]",
      "instances": [
        {
          "schema_version": 1,
          "attributes": {
            "api_version": "3.1",
            "architecture": null,
            "availability_zone_reference": {},
            "categories": [],
            "checksum": {},
            "cluster_name": null,
            "cluster_references": [],
            "cluster_uuid": null,
            "current_cluster_reference_list": [
              {
                "kind": "cluster",
                "name": "",
                "uuid": "00061851-cbf8-89b4-0000-0000000181b6"
              }
            ],
            "description": "Windows Server 2022 iso",
            "id": "5ddfb294-0ae6-43cd-87c8-109b640f686f",
            "image_type": "ISO_IMAGE",
            "metadata": {
              "creation_time": "2024-06-06 07:00:29 +0000 UTC",
              "last_update_time": "2024-06-06 07:03:35 +0000 UTC",
              "name": "",
              "spec_hash": "00000000000000000000000000000000000000000000000000",
              "spec_version": "1",
              "uuid": "5ddfb294-0ae6-43cd-87c8-109b640f686f"
            },
            "name": "Nutanix_NVD_DaaS_en-us_windows_server_2022.iso",
            "owner_reference": {
              "kind": "user",
              "name": "admin",
              "uuid": "00000000-0000-0000-0000-000000000000"
            },
            "project_reference": null,
            "retrieval_uri_list": [
              "https://127.0.0.1:9440/api/nutanix/v3/images/5ddfb294-0ae6-43cd-87c8-109b640f686f/file"
            ],
            "size_bytes": 5110630400,
            "source_path": null,
            "source_uri": "http://10.42.194.11/images/Windows/Windows%202022/en-us_windows_server_2022_updated_july_2022_x64_dvd_69607894.iso",
            "state": "COMPLETE",
            "timeouts": null,
            "version": {}
          },
          "sensitive_attributes": [],
          "private": "eyJlMmJmYjczMC1lY2FhLTExZTYtOGY4OC0zNDM2M2JjN2M0YzAiOnsiY3JlYXRlIjozNjAwMDAwMDAwMDAwLCJkZWxldGUiOjM2MDAwMDAwMDAwMDAsInVwZGF0ZSI6MzYwMDAwMDAwMDAwMH0sInNjaGVtYV92ZXJzaW9uIjoiMSJ9"
        }
      ]
    }
  ],
  "check_results": null
}
